// !$*UTF8*$!
{
	archiveVersion = 1;
	classes = {
	};
	objectVersion = 77;
	objects = {

/* Begin PBXContainerItemProxy section */
		DB5C5B302DDEABA300BC491A /* PBXContainerItemProxy */ = {
			isa = PBXContainerItemProxy;
			containerPortal = DB5C5B112DDEABA100BC491A /* Project object */;
			proxyType = 1;
			remoteGlobalIDString = DB5C5B182DDEABA100BC491A;
			remoteInfo = xpyre;
		};
		DB5C5B3A2DDEABA300BC491A /* PBXContainerItemProxy */ = {
			isa = PBXContainerItemProxy;
			containerPortal = DB5C5B112DDEABA100BC491A /* Project object */;
			proxyType = 1;
			remoteGlobalIDString = DB5C5B182DDEABA100BC491A;
			remoteInfo = xpyre;
		};
/* End PBXContainerItemProxy section */

/* Begin PBXFileReference section */
		DB5C5B192DDEABA100BC491A /* xpyre.app */ = {isa = PBXFileReference; explicitFileType = wrapper.application; includeInIndex = 0; path = xpyre.app; sourceTree = BUILT_PRODUCTS_DIR; };
		DB5C5B2F2DDEABA300BC491A /* xpyreTests.xctest */ = {isa = PBXFileReference; explicitFileType = wrapper.cfbundle; includeInIndex = 0; path = xpyreTests.xctest; sourceTree = BUILT_PRODUCTS_DIR; };
		DB5C5B392DDEABA300BC491A /* xpyreUITests.xctest */ = {isa = PBXFileReference; explicitFileType = wrapper.cfbundle; includeInIndex = 0; path = xpyreUITests.xctest; sourceTree = BUILT_PRODUCTS_DIR; };
/* End PBXFileReference section */

/* Begin PBXFileSystemSynchronizedBuildFileExceptionSet section */
		DB5C5B412DDEABA300BC491A /* Exceptions for "xpyre" folder in "xpyre" target */ = {
			isa = PBXFileSystemSynchronizedBuildFileExceptionSet;
			membershipExceptions = (
				Info.plist,
			);
			target = DB5C5B182DDEABA100BC491A /* xpyre */;
		};
/* End PBXFileSystemSynchronizedBuildFileExceptionSet section */

/* Begin PBXFileSystemSynchronizedRootGroup section */
		DB5C5B1B2DDEABA100BC491A /* xpyre */ = {
			isa = PBXFileSystemSynchronizedRootGroup;
			exceptions = (
				DB5C5B412DDEABA300BC491A /* Exceptions for "xpyre" folder in "xpyre" target */,
			);
			path = xpyre;
			sourceTree = "<group>";
		};
		DB5C5B322DDEABA300BC491A /* xpyreTests */ = {
			isa = PBXFileSystemSynchronizedRootGroup;
			path = xpyreTests;
			sourceTree = "<group>";
		};
		DB5C5B3C2DDEABA300BC491A /* xpyreUITests */ = {
			isa = PBXFileSystemSynchronizedRootGroup;
			path = xpyreUITests;
			sourceTree = "<group>";
		};
/* End PBXFileSystemSynchronizedRootGroup section */

/* Begin PBXFrameworksBuildPhase section */
		DB5C5B162DDEABA100BC491A /* Frameworks */ = {
			isa = PBXFrameworksBuildPhase;
			buildActionMask = 2147483647;
			files = (
			);
			runOnlyForDeploymentPostprocessing = 0;
		};
		DB5C5B2C2DDEABA300BC491A /* Frameworks */ = {
			isa = PBXFrameworksBuildPhase;
			buildActionMask = 2147483647;
			files = (
			);
			runOnlyForDeploymentPostprocessing = 0;
		};
		DB5C5B362DDEABA300BC491A /* Frameworks */ = {
			isa = PBXFrameworksBuildPhase;
			buildActionMask = 2147483647;
			files = (
			);
			runOnlyForDeploymentPostprocessing = 0;
		};
/* End PBXFrameworksBuildPhase section */

/* Begin PBXGroup section */
		DB5C5B102DDEABA100BC491A = {
			isa = PBXGroup;
			children = (
				DB5C5B1B2DDEABA100BC491A /* xpyre */,
				DB5C5B322DDEABA300BC491A /* xpyreTests */,
				DB5C5B3C2DDEABA300BC491A /* xpyreUITests */,
				DB5C5B1A2DDEABA100BC491A /* Products */,
			);
			sourceTree = "<group>";
		};
		DB5C5B1A2DDEABA100BC491A /* Products */ = {
			isa = PBXGroup;
			children = (
				DB5C5B192DDEABA100BC491A /* xpyre.app */,
				DB5C5B2F2DDEABA300BC491A /* xpyreTests.xctest */,
				DB5C5B392DDEABA300BC491A /* xpyreUITests.xctest */,
			);
			name = Products;
			sourceTree = "<group>";
		};
/* End PBXGroup section */

/* Begin PBXNativeTarget section */
		DB5C5B182DDEABA100BC491A /* xpyre */ = {
			isa = PBXNativeTarget;
			buildConfigurationList = DB5C5B422DDEABA300BC491A /* Build configuration list for PBXNativeTarget "xpyre" */;
			buildPhases = (
				DB5C5B152DDEABA100BC491A /* Sources */,
				DB5C5B162DDEABA100BC491A /* Frameworks */,
				DB5C5B172DDEABA100BC491A /* Resources */,
			);
			buildRules = (
			);
			dependencies = (
			);
			fileSystemSynchronizedGroups = (
				DB5C5B1B2DDEABA100BC491A /* xpyre */,
			);
			name = xpyre;
			packageProductDependencies = (
			);
			productName = xpyre;
			productReference = DB5C5B192DDEABA100BC491A /* xpyre.app */;
			productType = "com.apple.product-type.application";
		};
		DB5C5B2E2DDEABA300BC491A /* xpyreTests */ = {
			isa = PBXNativeTarget;
			buildConfigurationList = DB5C5B472DDEABA300BC491A /* Build configuration list for PBXNativeTarget "xpyreTests" */;
			buildPhases = (
				DB5C5B2B2DDEABA300BC491A /* Sources */,
				DB5C5B2C2DDEABA300BC491A /* Frameworks */,
				DB5C5B2D2DDEABA300BC491A /* Resources */,
			);
			buildRules = (
			);
			dependencies = (
				DB5C5B312DDEABA300BC491A /* PBXTargetDependency */,
			);
			fileSystemSynchronizedGroups = (
				DB5C5B322DDEABA300BC491A /* xpyreTests */,
			);
			name = xpyreTests;
			packageProductDependencies = (
			);
			productName = xpyreTests;
			productReference = DB5C5B2F2DDEABA300BC491A /* xpyreTests.xctest */;
			productType = "com.apple.product-type.bundle.unit-test";
		};
		DB5C5B382DDEABA300BC491A /* xpyreUITests */ = {
			isa = PBXNativeTarget;
			buildConfigurationList = DB5C5B4A2DDEABA300BC491A /* Build configuration list for PBXNativeTarget "xpyreUITests" */;
			buildPhases = (
				DB5C5B352DDEABA300BC491A /* Sources */,
				DB5C5B362DDEABA300BC491A /* Frameworks */,
				DB5C5B372DDEABA300BC491A /* Resources */,
			);
			buildRules = (
			);
			dependencies = (
				DB5C5B3B2DDEABA300BC491A /* PBXTargetDependency */,
			);
			fileSystemSynchronizedGroups = (
				DB5C5B3C2DDEABA300BC491A /* xpyreUITests */,
			);
			name = xpyreUITests;
			packageProductDependencies = (
			);
			productName = xpyreUITests;
			productReference = DB5C5B392DDEABA300BC491A /* xpyreUITests.xctest */;
			productType = "com.apple.product-type.bundle.ui-testing";
		};
/* End PBXNativeTarget section */

/* Begin PBXProject section */
		DB5C5B112DDEABA100BC491A /* Project object */ = {
			isa = PBXProject;
			attributes = {
				BuildIndependentTargetsInParallel = 1;
				LastSwiftUpdateCheck = 1630;
				LastUpgradeCheck = 1630;
				TargetAttributes = {
					DB5C5B182DDEABA100BC491A = {
						CreatedOnToolsVersion = 16.3;
					};
					DB5C5B2E2DDEABA300BC491A = {
						CreatedOnToolsVersion = 16.3;
						TestTargetID = DB5C5B182DDEABA100BC491A;
					};
					DB5C5B382DDEABA300BC491A = {
						CreatedOnToolsVersion = 16.3;
						TestTargetID = DB5C5B182DDEABA100BC491A;
					};
				};
			};
			buildConfigurationList = DB5C5B142DDEABA100BC491A /* Build configuration list for PBXProject "xpyre" */;
			developmentRegion = en;
			hasScannedForEncodings = 0;
			knownRegions = (
				en,
				Base,
			);
			mainGroup = DB5C5B102DDEABA100BC491A;
			minimizedProjectReferenceProxies = 1;
			preferredProjectObjectVersion = 77;
			productRefGroup = DB5C5B1A2DDEABA100BC491A /* Products */;
			projectDirPath = "";
			projectRoot = "";
			targets = (
				DB5C5B182DDEABA100BC491A /* xpyre */,
				DB5C5B2E2DDEABA300BC491A /* xpyreTests */,
				DB5C5B382DDEABA300BC491A /* xpyreUITests */,
			);
		};
/* End PBXProject section */

/* Begin PBXResourcesBuildPhase section */
		DB5C5B172DDEABA100BC491A /* Resources */ = {
			isa = PBXResourcesBuildPhase;
			buildActionMask = 2147483647;
			files = (
			);
			runOnlyForDeploymentPostprocessing = 0;
		};
		DB5C5B2D2DDEABA300BC491A /* Resources */ = {
			isa = PBXResourcesBuildPhase;
			buildActionMask = 2147483647;
			files = (
			);
			runOnlyForDeploymentPostprocessing = 0;
		};
		DB5C5B372DDEABA300BC491A /* Resources */ = {
			isa = PBXResourcesBuildPhase;
			buildActionMask = 2147483647;
			files = (
			);
			runOnlyForDeploymentPostprocessing = 0;
		};
/* End PBXResourcesBuildPhase section */

/* Begin PBXSourcesBuildPhase section */
		DB5C5B152DDEABA100BC491A /* Sources */ = {
			isa = PBXSourcesBuildPhase;
			buildActionMask = 2147483647;
			files = (
			);
			runOnlyForDeploymentPostprocessing = 0;
		};
		DB5C5B2B2DDEABA300BC491A /* Sources */ = {
			isa = PBXSourcesBuildPhase;
			buildActionMask = 2147483647;
			files = (
			);
			runOnlyForDeploymentPostprocessing = 0;
		};
		DB5C5B352DDEABA300BC491A /* Sources */ = {
			isa = PBXSourcesBuildPhase;
			buildActionMask = 2147483647;
			files = (
			);
			runOnlyForDeploymentPostprocessing = 0;
		};
/* End PBXSourcesBuildPhase section */

/* Begin PBXTargetDependency section */
		DB5C5B312DDEABA300BC491A /* PBXTargetDependency */ = {
			isa = PBXTargetDependency;
			target = DB5C5B182DDEABA100BC491A /* xpyre */;
			targetProxy = DB5C5B302DDEABA300BC491A /* PBXContainerItemProxy */;
		};
		DB5C5B3B2DDEABA300BC491A /* PBXTargetDependency */ = {
			isa = PBXTargetDependency;
			target = DB5C5B182DDEABA100BC491A /* xpyre */;
			targetProxy = DB5C5B3A2DDEABA300BC491A /* PBXContainerItemProxy */;
		};
/* End PBXTargetDependency section */

/* Begin XCBuildConfiguration section */
		DB5C5B432DDEABA300BC491A /* Debug */ = {
			isa = XCBuildConfiguration;
			buildSettings = {
				ASSETCATALOG_COMPILER_APPICON_NAME = AppIcon;
				ASSETCATALOG_COMPILER_GLOBAL_ACCENT_COLOR_NAME = AccentColor;
				CODE_SIGN_STYLE = Automatic;
				CURRENT_PROJECT_VERSION = 1;
				DEVELOPMENT_TEAM = 5RUKST6SQT;
				GENERATE_INFOPLIST_FILE = YES;
				INFOPLIST_FILE = xpyre/Info.plist;
				INFOPLIST_KEY_UIApplicationSupportsIndirectInputEvents = YES;
				INFOPLIST_KEY_UILaunchStoryboardName = LaunchScreen;
				INFOPLIST_KEY_UIMainStoryboardFile = Main;
				INFOPLIST_KEY_UISupportedInterfaceOrientations_iPad = "UIInterfaceOrientationPortrait UIInterfaceOrientationPortraitUpsideDown UIInterfaceOrientationLandscapeLeft UIInterfaceOrientationLandscapeRight";
				INFOPLIST_KEY_UISupportedInterfaceOrientations_iPhone = "UIInterfaceOrientationPortrait UIInterfaceOrientationLandscapeLeft UIInterfaceOrientationLandscapeRight";
				LD_RUNPATH_SEARCH_PATHS = (
					"$(inherited)",
					"@executable_path/Frameworks",
				);
				MARKETING_VERSION = 1.0;
				PRODUCT_BUNDLE_IDENTIFIER = edu.uw.ischool.lindsym.xpyre;
				PRODUCT_NAME = "$(TARGET_NAME)";
				SWIFT_EMIT_LOC_STRINGS = YES;
				SWIFT_VERSION = 5.0;
				TARGETED_DEVICE_FAMILY = "1,2";
			};
			name = Debug;
		};
		DB5C5B442DDEABA300BC491A /* Release */ = {
			isa = XCBuildConfiguration;
			buildSettings = {
				ASSETCATALOG_COMPILER_APPICON_NAME = AppIcon;
				ASSETCATALOG_COMPILER_GLOBAL_ACCENT_COLOR_NAME = AccentColor;
				CODE_SIGN_STYLE = Automatic;
				CURRENT_PROJECT_VERSION = 1;
				DEVELOPMENT_TEAM = 5RUKST6SQT;
				GENERATE_INFOPLIST_FILE = YES;
				INFOPLIST_FILE = xpyre/Info.plist;
				INFOPLIST_KEY_UIApplicationSupportsIndirectInputEvents = YES;
				INFOPLIST_KEY_UILaunchStoryboardName = LaunchScreen;
				INFOPLIST_KEY_UIMainStoryboardFile = Main;
				INFOPLIST_KEY_UISupportedInterfaceOrientations_iPad = "UIInterfaceOrientationPortrait UIInterfaceOrientationPortraitUpsideDown UIInterfaceOrientationLandscapeLeft UIInterfaceOrientationLandscapeRight";
				INFOPLIST_KEY_UISupportedInterfaceOrientations_iPhone = "UIInterfaceOrientationPortrait UIInterfaceOrientationLandscapeLeft UIInterfaceOrientationLandscapeRight";
				LD_RUNPATH_SEARCH_PATHS = (
					"$(inherited)",
					"@executable_path/Frameworks",
				);
				MARKETING_VERSION = 1.0;
				PRODUCT_BUNDLE_IDENTIFIER = edu.uw.ischool.lindsym.xpyre;
				PRODUCT_NAME = "$(TARGET_NAME)";
				SWIFT_EMIT_LOC_STRINGS = YES;
				SWIFT_VERSION = 5.0;
				TARGETED_DEVICE_FAMILY = "1,2";
			};
			name = Release;
		};
		DB5C5B452DDEABA300BC491A /* Debug */ = {
			isa = XCBuildConfiguration;
			buildSettings = {
				ALWAYS_SEARCH_USER_PATHS = NO;
				ASSETCATALOG_COMPILER_GENERATE_SWIFT_ASSET_SYMBOL_EXTENSIONS = YES;
				CLANG_ANALYZER_NONNULL = YES;
				CLANG_ANALYZER_NUMBER_OBJECT_CONVERSION = YES_AGGRESSIVE;
				CLANG_CXX_LANGUAGE_STANDARD = "gnu++20";
				CLANG_ENABLE_MODULES = YES;
				CLANG_ENABLE_OBJC_ARC = YES;
				CLANG_ENABLE_OBJC_WEAK = YES;
				CLANG_WARN_BLOCK_CAPTURE_AUTORELEASING = YES;
				CLANG_WARN_BOOL_CONVERSION = YES;
				CLANG_WARN_COMMA = YES;
				CLANG_WARN_CONSTANT_CONVERSION = YES;
				CLANG_WARN_DEPRECATED_OBJC_IMPLEMENTATIONS = YES;
				CLANG_WARN_DIRECT_OBJC_ISA_USAGE = YES_ERROR;
				CLANG_WARN_DOCUMENTATION_COMMENTS = YES;
				CLANG_WARN_EMPTY_BODY = YES;
				CLANG_WARN_ENUM_CONVERSION = YES;
				CLANG_WARN_INFINITE_RECURSION = YES;
				CLANG_WARN_INT_CONVERSION = YES;
				CLANG_WARN_NON_LITERAL_NULL_CONVERSION = YES;
				CLANG_WARN_OBJC_IMPLICIT_RETAIN_SELF = YES;
				CLANG_WARN_OBJC_LITERAL_CONVERSION = YES;
				CLANG_WARN_OBJC_ROOT_CLASS = YES_ERROR;
				CLANG_WARN_QUOTED_INCLUDE_IN_FRAMEWORK_HEADER = YES;
				CLANG_WARN_RANGE_LOOP_ANALYSIS = YES;
				CLANG_WARN_STRICT_PROTOTYPES = YES;
				CLANG_WARN_SUSPICIOUS_MOVE = YES;
				CLANG_WARN_UNGUARDED_AVAILABILITY = YES_AGGRESSIVE;
				CLANG_WARN_UNREACHABLE_CODE = YES;
				CLANG_WARN__DUPLICATE_METHOD_MATCH = YES;
				COPY_PHASE_STRIP = NO;
				DEBUG_INFORMATION_FORMAT = dwarf;
				ENABLE_STRICT_OBJC_MSGSEND = YES;
				ENABLE_TESTABILITY = YES;
				ENABLE_USER_SCRIPT_SANDBOXING = YES;
				GCC_C_LANGUAGE_STANDARD = gnu17;
				GCC_DYNAMIC_NO_PIC = NO;
				GCC_NO_COMMON_BLOCKS = YES;
				GCC_OPTIMIZATION_LEVEL = 0;
				GCC_PREPROCESSOR_DEFINITIONS = (
					"DEBUG=1",
					"$(inherited)",
				);
				GCC_WARN_64_TO_32_BIT_CONVERSION = YES;
				GCC_WARN_ABOUT_RETURN_TYPE = YES_ERROR;
				GCC_WARN_UNDECLARED_SELECTOR = YES;
				GCC_WARN_UNINITIALIZED_AUTOS = YES_AGGRESSIVE;
				GCC_WARN_UNUSED_FUNCTION = YES;
				GCC_WARN_UNUSED_VARIABLE = YES;
				IPHONEOS_DEPLOYMENT_TARGET = 18.0;
				LOCALIZATION_PREFERS_STRING_CATALOGS = YES;
				MTL_ENABLE_DEBUG_INFO = INCLUDE_SOURCE;
				MTL_FAST_MATH = YES;
				ONLY_ACTIVE_ARCH = YES;
				SDKROOT = iphoneos;
				SWIFT_ACTIVE_COMPILATION_CONDITIONS = "DEBUG $(inherited)";
				SWIFT_OPTIMIZATION_LEVEL = "-Onone";
			};
			name = Debug;
		};
		DB5C5B462DDEABA300BC491A /* Release */ = {
			isa = XCBuildConfiguration;
			buildSettings = {
				ALWAYS_SEARCH_USER_PATHS = NO;
				ASSETCATALOG_COMPILER_GENERATE_SWIFT_ASSET_SYMBOL_EXTENSIONS = YES;
				CLANG_ANALYZER_NONNULL = YES;
				CLANG_ANALYZER_NUMBER_OBJECT_CONVERSION = YES_AGGRESSIVE;
				CLANG_CXX_LANGUAGE_STANDARD = "gnu++20";
				CLANG_ENABLE_MODULES = YES;
				CLANG_ENABLE_OBJC_ARC = YES;
				CLANG_ENABLE_OBJC_WEAK = YES;
				CLANG_WARN_BLOCK_CAPTURE_AUTORELEASING = YES;
				CLANG_WARN_BOOL_CONVERSION = YES;
				CLANG_WARN_COMMA = YES;
				CLANG_WARN_CONSTANT_CONVERSION = YES;
				CLANG_WARN_DEPRECATED_OBJC_IMPLEMENTATIONS = YES;
				CLANG_WARN_DIRECT_OBJC_ISA_USAGE = YES_ERROR;
				CLANG_WARN_DOCUMENTATION_COMMENTS = YES;
				CLANG_WARN_EMPTY_BODY = YES;
				CLANG_WARN_ENUM_CONVERSION = YES;
				CLANG_WARN_INFINITE_RECURSION = YES;
				CLANG_WARN_INT_CONVERSION = YES;
				CLANG_WARN_NON_LITERAL_NULL_CONVERSION = YES;
				CLANG_WARN_OBJC_IMPLICIT_RETAIN_SELF = YES;
				CLANG_WARN_OBJC_LITERAL_CONVERSION = YES;
				CLANG_WARN_OBJC_ROOT_CLASS = YES_ERROR;
				CLANG_WARN_QUOTED_INCLUDE_IN_FRAMEWORK_HEADER = YES;
				CLANG_WARN_RANGE_LOOP_ANALYSIS = YES;
				CLANG_WARN_STRICT_PROTOTYPES = YES;
				CLANG_WARN_SUSPICIOUS_MOVE = YES;
				CLANG_WARN_UNGUARDED_AVAILABILITY = YES_AGGRESSIVE;
				CLANG_WARN_UNREACHABLE_CODE = YES;
				CLANG_WARN__DUPLICATE_METHOD_MATCH = YES;
				COPY_PHASE_STRIP = NO;
				DEBUG_INFORMATION_FORMAT = "dwarf-with-dsym";
				ENABLE_NS_ASSERTIONS = NO;
				ENABLE_STRICT_OBJC_MSGSEND = YES;
				ENABLE_USER_SCRIPT_SANDBOXING = YES;
				GCC_C_LANGUAGE_STANDARD = gnu17;
				GCC_NO_COMMON_BLOCKS = YES;
				GCC_WARN_64_TO_32_BIT_CONVERSION = YES;
				GCC_WARN_ABOUT_RETURN_TYPE = YES_ERROR;
				GCC_WARN_UNDECLARED_SELECTOR = YES;
				GCC_WARN_UNINITIALIZED_AUTOS = YES_AGGRESSIVE;
				GCC_WARN_UNUSED_FUNCTION = YES;
				GCC_WARN_UNUSED_VARIABLE = YES;
				IPHONEOS_DEPLOYMENT_TARGET = 18.0;
				LOCALIZATION_PREFERS_STRING_CATALOGS = YES;
				MTL_ENABLE_DEBUG_INFO = NO;
				MTL_FAST_MATH = YES;
				SDKROOT = iphoneos;
				SWIFT_COMPILATION_MODE = wholemodule;
				VALIDATE_PRODUCT = YES;
			};
			name = Release;
		};
		DB5C5B482DDEABA300BC491A /* Debug */ = {
			isa = XCBuildConfiguration;
			buildSettings = {
				BUNDLE_LOADER = "$(TEST_HOST)";
				CODE_SIGN_STYLE = Automatic;
				CURRENT_PROJECT_VERSION = 1;
				GENERATE_INFOPLIST_FILE = YES;
				IPHONEOS_DEPLOYMENT_TARGET = 18.4;
				MARKETING_VERSION = 1.0;
				PRODUCT_BUNDLE_IDENTIFIER = edu.uw.ischool.issabug.xpyreTests;
				PRODUCT_NAME = "$(TARGET_NAME)";
				SWIFT_EMIT_LOC_STRINGS = NO;
				SWIFT_VERSION = 5.0;
				TARGETED_DEVICE_FAMILY = "1,2";
				TEST_HOST = "$(BUILT_PRODUCTS_DIR)/xpyre.app/$(BUNDLE_EXECUTABLE_FOLDER_PATH)/xpyre";
			};
			name = Debug;
		};
		DB5C5B492DDEABA300BC491A /* Release */ = {
			isa = XCBuildConfiguration;
			buildSettings = {
				BUNDLE_LOADER = "$(TEST_HOST)";
				CODE_SIGN_STYLE = Automatic;
				CURRENT_PROJECT_VERSION = 1;
				GENERATE_INFOPLIST_FILE = YES;
				IPHONEOS_DEPLOYMENT_TARGET = 18.4;
				MARKETING_VERSION = 1.0;
				PRODUCT_BUNDLE_IDENTIFIER = edu.uw.ischool.issabug.xpyreTests;
				PRODUCT_NAME = "$(TARGET_NAME)";
				SWIFT_EMIT_LOC_STRINGS = NO;
				SWIFT_VERSION = 5.0;
				TARGETED_DEVICE_FAMILY = "1,2";
				TEST_HOST = "$(BUILT_PRODUCTS_DIR)/xpyre.app/$(BUNDLE_EXECUTABLE_FOLDER_PATH)/xpyre";
			};
			name = Release;
		};
		DB5C5B4B2DDEABA300BC491A /* Debug */ = {
			isa = XCBuildConfiguration;
			buildSettings = {
				CODE_SIGN_STYLE = Automatic;
				CURRENT_PROJECT_VERSION = 1;
				GENERATE_INFOPLIST_FILE = YES;
				MARKETING_VERSION = 1.0;
				PRODUCT_BUNDLE_IDENTIFIER = edu.uw.ischool.issabug.xpyreUITests;
				PRODUCT_NAME = "$(TARGET_NAME)";
				SWIFT_EMIT_LOC_STRINGS = NO;
				SWIFT_VERSION = 5.0;
				TARGETED_DEVICE_FAMILY = "1,2";
				TEST_TARGET_NAME = xpyre;
			};
			name = Debug;
		};
		DB5C5B4C2DDEABA300BC491A /* Release */ = {
			isa = XCBuildConfiguration;
			buildSettings = {
				CODE_SIGN_STYLE = Automatic;
				CURRENT_PROJECT_VERSION = 1;
				GENERATE_INFOPLIST_FILE = YES;
				MARKETING_VERSION = 1.0;
				PRODUCT_BUNDLE_IDENTIFIER = edu.uw.ischool.issabug.xpyreUITests;
				PRODUCT_NAME = "$(TARGET_NAME)";
				SWIFT_EMIT_LOC_STRINGS = NO;
				SWIFT_VERSION = 5.0;
				TARGETED_DEVICE_FAMILY = "1,2";
				TEST_TARGET_NAME = xpyre;
			};
			name = Release;
		};
/* End XCBuildConfiguration section */

/* Begin XCConfigurationList section */
		DB5C5B142DDEABA100BC491A /* Build configuration list for PBXProject "xpyre" */ = {
			isa = XCConfigurationList;
			buildConfigurations = (
				DB5C5B452DDEABA300BC491A /* Debug */,
				DB5C5B462DDEABA300BC491A /* Release */,
			);
			defaultConfigurationIsVisible = 0;
			defaultConfigurationName = Release;
		};
		DB5C5B422DDEABA300BC491A /* Build configuration list for PBXNativeTarget "xpyre" */ = {
			isa = XCConfigurationList;
			buildConfigurations = (
				DB5C5B432DDEABA300BC491A /* Debug */,
				DB5C5B442DDEABA300BC491A /* Release */,
			);
			defaultConfigurationIsVisible = 0;
			defaultConfigurationName = Release;
		};
		DB5C5B472DDEABA300BC491A /* Build configuration list for PBXNativeTarget "xpyreTests" */ = {
			isa = XCConfigurationList;
			buildConfigurations = (
				DB5C5B482DDEABA300BC491A /* Debug */,
				DB5C5B492DDEABA300BC491A /* Release */,
			);
			defaultConfigurationIsVisible = 0;
			defaultConfigurationName = Release;
		};
		DB5C5B4A2DDEABA300BC491A /* Build configuration list for PBXNativeTarget "xpyreUITests" */ = {
			isa = XCConfigurationList;
			buildConfigurations = (
				DB5C5B4B2DDEABA300BC491A /* Debug */,
				DB5C5B4C2DDEABA300BC491A /* Release */,
			);
			defaultConfigurationIsVisible = 0;
			defaultConfigurationName = Release;
		};
/* End XCConfigurationList section */
	};
	rootObject = DB5C5B112DDEABA100BC491A /* Project object */;
}
